github.com/CosmWasm/tinyjson v0.9.0 h1:sPjgikATp5W0vD/v/Qz99uQ6G/lh/SuK0Wfskqua4Co=
github.com/CosmWasm/tinyjson v0.9.0/go.mod h1:5+7QnSKrkIWnpIdhUT2t2EYzXnII3/3MlM0oDsBSbc8=
github.com/andybalholm/brotli v1.0.6 h1:Yf9fFpf49Zrxb9NlQaluyE92/+X7UVHlhMNJN2sxfOI=
github.com/andybalholm/brotli v1.0.6/go.mod h1:fO7iG3H7G2nSZ7m0zPUDn85XEX2GTukHGRSepvi9Eig=
github.com/cloudflare/circl v1.3.7 h1:qlCDlTPz2n9fu58M0Nh1J/JzcFpfgkFHHX3O35r5vcU=
github.com/cloudflare/circl v1.3.7/go.mod h1:sRTcRWXGLrKw6yIGJ+l7amYJFfAXbZG0kBSc8r4zxgA=
github.com/josharian/intern v1.0.0 h1:vlS4z54oSdjm0bgjRigI+G1HpF+tI+9rE5LLzOg8HmY=
github.com/josharian/intern v1.0.0/go.mod h1:5DoeVV0s6jJacbCEi61lwdGj/aVlrQvzHFFd8Hwg//Y=
github.com/klauspost/compress v1.17.4 h1:Ej5ixsIri7BrIjBkRZLTo6ghwrEtHFk7ijlczPW4fZ4=
github.com/klauspost/compress v1.17.4/go.mod h1:/dCuZOvVtNoHsyb+cuJD3itjs3NbnF6KH9zAO4BDxPM=
github.com/refraction-networking/utls v1.6.7-wasm h1:Ckc7ep+I9/9qeuXBrF3Lkx248sgUGt1JJBpya5hpth4=
github.com/refraction-networking/utls v1.6.7-wasm/go.mod h1:BC3O4vQzye5hqpmDTWUqi4P5DDhzJfkV1tdqtawQIH0=
github.com/refraction-networking/watm v0.7.0-beta.0.20240701234656-235bb155c326 h1:YYQ0F+oCadxEkDia6qJNTMJbGbew4NlVVgun4xWh528=
github.com/refraction-networking/watm v0.7.0-beta.0.20240701234656-235bb155c326/go.mod h1:d6Nj+arzNIPWbbyApx0YLUslIsvpdXnOVTtyRGzeIFo=
golang.org/x/crypto v0.21.0 h1:X31++rzVUdKhX5sWmSOFZxx8UW/ldWx55cbf08iNAMA=
golang.org/x/crypto v0.21.0/go.mod h1:0BP7YvVV9gBbVKyeTG0Gyn+gZm94bibOW5BjDEYAOMs=
golang.org/x/sys v0.18.0 h1:DBdB3niSjOA/O0blCZBqDefyWNYveAYMNF1Wum0DYQ4=
golang.org/x/sys v0.18.0/go.mod h1:/VUhepiaJMQUp4+oa/7Zr1D23ma6VTLIYjOOTFZPUcA=
